
Microsoft Visual Studio Solution File, Format Version 12.00
# Visual Studio 15
VisualStudioVersion = 15.0.28307.136
MinimumVisualStudioVersion = 10.0.40219.1
Project("{FAE04EC0-301F-11D3-BF4B-00C04F79EFBC}") = "Chimpy.Server", "Chimpy\Chimpy.Server\Chimpy.Server.csproj", "{7F95B3C3-C12E-4098-9BDC-15BC60877EB5}"
EndProject
Project("{FAE04EC0-301F-11D3-BF4B-00C04F79EFBC}") = "Chimpy.Client", "Chimpy\Chimpy.Client\Chimpy.Client.csproj", "{A11EDB95-2FB7-4384-9A75-06B12F06E7A6}"
EndProject
Project("{FAE04EC0-301F-11D3-BF4B-00C04F79EFBC}") = "Chimpy.Core", "Chimpy\Chimpy.Core\Chimpy.Core.csproj", "{8DB30227-44D1-432E-AD55-C9492800F214}"
EndProject
Global
	GlobalSection(SolutionConfigurationPlatforms) = preSolution
		Debug|Any CPU = Debug|Any CPU
		Release|Any CPU = Release|Any CPU
	EndGlobalSection
	GlobalSection(ProjectConfigurationPlatforms) = postSolution
		{7F95B3C3-C12E-4098-9BDC-15BC60877EB5}.Debug|Any CPU.ActiveCfg = Debug|Any CPU
		{7F95B3C3-C12E-4098-9BDC-15BC60877EB5}.Debug|Any CPU.Build.0 = Debug|Any CPU
		{7F95B3C3-C12E-4098-9BDC-15BC60877EB5}.Release|Any CPU.ActiveCfg = Release|Any CPU
		{7F95B3C3-C12E-4098-9BDC-15BC60877EB5}.Release|Any CPU.Build.0 = Release|Any CPU
		{A11EDB95-2FB7-4384-9A75-06B12F06E7A6}.Debug|Any CPU.ActiveCfg = Debug|Any CPU
		{A11EDB95-2FB7-4384-9A75-06B12F06E7A6}.Debug|Any CPU.Build.0 = Debug|Any CPU
		{A11EDB95-2FB7-4384-9A75-06B12F06E7A6}.Release|Any CPU.ActiveCfg = Release|Any CPU
		{A11EDB95-2FB7-4384-9A75-06B12F06E7A6}.Release|Any CPU.Build.0 = Release|Any CPU
		{8DB30227-44D1-432E-AD55-C9492800F214}.Debug|Any CPU.ActiveCfg = Debug|Any CPU
		{8DB30227-44D1-432E-AD55-C9492800F214}.Debug|Any CPU.Build.0 = Debug|Any CPU
		{8DB30227-44D1-432E-AD55-C9492800F214}.Release|Any CPU.ActiveCfg = Release|Any CPU
		{8DB30227-44D1-432E-AD55-C9492800F214}.Release|Any CPU.Build.0 = Release|Any CPU
	EndGlobalSection
	GlobalSection(SolutionProperties) = preSolution
		HideSolutionNode = FALSE
	EndGlobalSection
	GlobalSection(ExtensibilityGlobals) = postSolution
		SolutionGuid = {3E09C887-F487-4C8D-A302-08AE6DE3E329}
	EndGlobalSection
EndGlobal
